
Microsoft Visual Studio Solution File, Format Version 12.00
# Visual Studio Version 17
VisualStudioVersion = 17.9.34701.34
MinimumVisualStudioVersion = 10.0.40219.1
Project("{2150E333-8FDC-42A3-9474-1A3956D46DE8}") = "src", "src", "{113A4A41-036E-4ACA-84BE-AC2CE53D6C82}"
EndProject
Project("{9A19103F-16F7-4668-BE54-9A1E7A4F7556}") = "ApplicationCore", "ApplicationCore\ApplicationCore.csproj", "{A377364D-A52E-40F6-87AF-86D2C58BF4ED}"
EndProject
Project("{2150E333-8FDC-42A3-9474-1A3956D46DE8}") = "Solution Items", "Solution Items", "{E372A738-93A4-49C9-B96E-BC599376D277}"
	ProjectSection(SolutionItems) = preProject
		README.md = README.md
	EndProjectSection
EndProject
Project("{9A19103F-16F7-4668-BE54-9A1E7A4F7556}") = "Infrastructure", "Infrastructure\Infrastructure.csproj", "{C34BF4BC-B3CF-4D4A-BA44-71B87E6B6FFD}"
EndProject
Project("{FAE04EC0-301F-11D3-BF4B-00C04F79EFBC}") = "WebAPI", "WebAPI\WebAPI.csproj", "{C563446A-6513-4392-8CF0-4233972629CD}"
EndProject
Global
	GlobalSection(SolutionConfigurationPlatforms) = preSolution
		Debug|Any CPU = Debug|Any CPU
		Release|Any CPU = Release|Any CPU
	EndGlobalSection
	GlobalSection(ProjectConfigurationPlatforms) = postSolution
		{A377364D-A52E-40F6-87AF-86D2C58BF4ED}.Debug|Any CPU.ActiveCfg = Debug|Any CPU
		{A377364D-A52E-40F6-87AF-86D2C58BF4ED}.Debug|Any CPU.Build.0 = Debug|Any CPU
		{A377364D-A52E-40F6-87AF-86D2C58BF4ED}.Release|Any CPU.ActiveCfg = Release|Any CPU
		{A377364D-A52E-40F6-87AF-86D2C58BF4ED}.Release|Any CPU.Build.0 = Release|Any CPU
		{C34BF4BC-B3CF-4D4A-BA44-71B87E6B6FFD}.Debug|Any CPU.ActiveCfg = Debug|Any CPU
		{C34BF4BC-B3CF-4D4A-BA44-71B87E6B6FFD}.Debug|Any CPU.Build.0 = Debug|Any CPU
		{C34BF4BC-B3CF-4D4A-BA44-71B87E6B6FFD}.Release|Any CPU.ActiveCfg = Release|Any CPU
		{C34BF4BC-B3CF-4D4A-BA44-71B87E6B6FFD}.Release|Any CPU.Build.0 = Release|Any CPU
		{C563446A-6513-4392-8CF0-4233972629CD}.Debug|Any CPU.ActiveCfg = Debug|Any CPU
		{C563446A-6513-4392-8CF0-4233972629CD}.Debug|Any CPU.Build.0 = Debug|Any CPU
		{C563446A-6513-4392-8CF0-4233972629CD}.Release|Any CPU.ActiveCfg = Release|Any CPU
		{C563446A-6513-4392-8CF0-4233972629CD}.Release|Any CPU.Build.0 = Release|Any CPU
	EndGlobalSection
	GlobalSection(SolutionProperties) = preSolution
		HideSolutionNode = FALSE
	EndGlobalSection
	GlobalSection(NestedProjects) = preSolution
		{A377364D-A52E-40F6-87AF-86D2C58BF4ED} = {113A4A41-036E-4ACA-84BE-AC2CE53D6C82}
		{C34BF4BC-B3CF-4D4A-BA44-71B87E6B6FFD} = {113A4A41-036E-4ACA-84BE-AC2CE53D6C82}
		{C563446A-6513-4392-8CF0-4233972629CD} = {113A4A41-036E-4ACA-84BE-AC2CE53D6C82}
	EndGlobalSection
	GlobalSection(ExtensibilityGlobals) = postSolution
		SolutionGuid = {6E7F197F-1558-4394-BCFC-C16EEB3FBC40}
	EndGlobalSection
EndGlobal
